# This file is autogenerated, do not edit; changes may be undone by the next 'dep ensure'.


[[projects]]
  branch = "master"
  digest = "1:32f5a38e498ecef0a4514ba2608473a7d06c97bdb5e3823a71e4cfb02204dfd5"
  name = "github.com/hhrutter/lzw"
  packages = ["."]
  pruneopts = "UT"
  revision = "6f07a24e8650c51b71eb29219a1f243f91658cf4"

[[projects]]
  branch = "master"
  digest = "1:4c0162a2ea3824b851391ea6b28ac22e3b6d96179ca4724c9dd0e7e80c7120d7"
  name = "github.com/hhrutter/tiff"
  packages = ["."]
  pruneopts = "UT"
  revision = "736cae8d0bc75b2649c1fc625160df41b66b9795"

[[projects]]
  digest = "1:c95eeecf9ca23ed11122a467c7e762face9fb83ec8c06c3778b7454b2834152b"
  name = "github.com/jung-kurt/gofpdf"
  packages = [
    ".",
    "contrib/gofpdi",
  ]
  pruneopts = "UT"
  revision = "07f2797b1523f4a406a919883c018ca52233a8a0"
  version = "v1.12.1"

[[projects]]
  digest = "1:0ccb67abdfd00c4ac11cc4bcab6e9a8ff0677d81bfe8a6f71c0959facab505e5"
  name = "github.com/pdfcpu/pdfcpu"
  packages = [
    "pkg/api",
    "pkg/filter",
    "pkg/log",
    "pkg/pdfcpu",
    "pkg/pdfcpu/fonts/metrics",
    "pkg/pdfcpu/fonts/metrics/standard",
    "pkg/pdfcpu/validate",
    "pkg/types",
  ]
  pruneopts = "UT"
  revision = "fc3b384578f62fd2caeec2aa1865a59cdf7b5849"
  version = "v0.2.4"

[[projects]]
  digest = "1:c37daf718e1a698aa7285b0ee98e833caba2eda26f5b5ad49811e475012dfce8"
  name = "github.com/phpdave11/gofpdi"
  packages = ["."]
  pruneopts = "UT"
  revision = "3bfcd8e9f4da28eaa1a2a86abeb40f8fd872b72c"
  version = "v1.0.7"

[[projects]]
  digest = "1:cf31692c14422fa27c83a05292eb5cbe0fb2775972e8f1f8446a71549bd8980b"
  name = "github.com/pkg/errors"
  packages = ["."]
  pruneopts = "UT"
  revision = "ba968bfe8b2f7e042a574c888954fccecfa385b4"
  version = "v0.8.1"

[[projects]]
  branch = "master"
  digest = "1:0a8c25053ba09825631828aaf1f4814eed3fd9882ffa93f56c082ae5bebdbaca"
  name = "golang.org/x/image"
  packages = ["ccitt"]
  pruneopts = "UT"
  revision = "69e4b8554b2a817a1f0015867f0858d02801f0f5"

[solve-meta]
  analyzer-name = "dep"
  analyzer-version = 1
  input-imports = [
    "github.com/jung-kurt/gofpdf",
    "github.com/jung-kurt/gofpdf/contrib/gofpdi",
    "github.com/pdfcpu/pdfcpu/pkg/api",
  ]
  solver-name = "gps-cdcl"
  solver-version = 1
